# @generated by Move, please check-in and do not edit manually.

[move]
version = 3
manifest_digest = "6541551F453508C2328C9B9EAE166B2BA57BBA46FB65BF39A65BFCF4C33D3C49"
deps_digest = "F8BBB0CCB2491CA29A3DF03D6F92277A4F3574266507ACD77214D37ECA3F3082"
dependencies = [
  { id = "Sui", name = "Sui" },
]

[[move.package]]
id = "MoveStdlib"
source = { git = "https://github.com/MystenLabs/sui.git", rev = "mainnet", subdir = "crates/sui-framework/packages/move-stdlib" }

[[move.package]]
id = "Sui"
source = { git = "https://github.com/MystenLabs/sui.git", rev = "mainnet", subdir = "crates/sui-framework/packages/sui-framework" }

dependencies = [
  { id = "MoveStdlib", name = "MoveStdlib" },
]

[move.toolchain-version]
compiler-version = "1.60.0"
edition = "2024"
flavor = "sui"

[env]

[env.testnet]
chain-id = "4c78adac"
original-published-id = "0x5e98f904ecf4a411848934104d5910f462e5edb7d4172462a0093123438c958a"
latest-published-id = "0x5e98f904ecf4a411848934104d5910f462e5edb7d4172462a0093123438c958a"
published-version = "1"

[env.localnet]
chain-id = "5eced198"
original-published-id = "0x6e7d4ee9e167c3e03778ce3843d1a52550014517a2af5c8ec92de5bdd38b055d"
latest-published-id = "0x6e7d4ee9e167c3e03778ce3843d1a52550014517a2af5c8ec92de5bdd38b055d"
published-version = "1"

[env.mainnet]
chain-id = "35834a8a"
original-published-id = "0xbf0ff2c916bccc759793a14cbd121f495f53f6121d8b5fd41c836a8ad8253d7c"
latest-published-id = "0xbf0ff2c916bccc759793a14cbd121f495f53f6121d8b5fd41c836a8ad8253d7c"
published-version = "1"
