# @generated by Move, please check-in and do not edit manually.

[move]
version = 3
manifest_digest = "5EEC1CA6ACE7D08816F8191C8F046CD1CC684F5688B073FF112214AE900AA058"
deps_digest = "397E6A9F7A624706DBDFEE056CE88391A15876868FD18A88504DA74EB458D697"
dependencies = [
  { id = "Bridge", name = "Bridge" },
  { id = "MoveStdlib", name = "MoveStdlib" },
  { id = "Sui", name = "Sui" },
  { id = "SuiSystem", name = "SuiSystem" },
  { id = "XOracle", name = "XOracle" },
]

[[move.package]]
id = "Bridge"
source = { git = "https://github.com/MystenLabs/sui.git", rev = "d75fae3aa7fa3545b5803980a1e0c965b8bbf48e", subdir = "crates/sui-framework/packages/bridge" }

dependencies = [
  { id = "MoveStdlib", name = "MoveStdlib" },
  { id = "Sui", name = "Sui" },
  { id = "SuiSystem", name = "SuiSystem" },
]

[[move.package]]
id = "MoveStdlib"
source = { git = "https://github.com/MystenLabs/sui.git", rev = "d75fae3aa7fa3545b5803980a1e0c965b8bbf48e", subdir = "crates/sui-framework/packages/move-stdlib" }

[[move.package]]
id = "Sui"
source = { git = "https://github.com/MystenLabs/sui.git", rev = "d75fae3aa7fa3545b5803980a1e0c965b8bbf48e", subdir = "crates/sui-framework/packages/sui-framework" }

dependencies = [
  { id = "MoveStdlib", name = "MoveStdlib" },
]

[[move.package]]
id = "SuiSystem"
source = { git = "https://github.com/MystenLabs/sui.git", rev = "d75fae3aa7fa3545b5803980a1e0c965b8bbf48e", subdir = "crates/sui-framework/packages/sui-system" }

dependencies = [
  { id = "MoveStdlib", name = "MoveStdlib" },
  { id = "Sui", name = "Sui" },
]

[[move.package]]
id = "XOracle"
source = { local = "../../sui_x_oracle/x_oracle" }

dependencies = [
  { id = "Sui", name = "Sui" },
]

[move.toolchain-version]
compiler-version = "1.60.0"
edition = "2024"
flavor = "sui"

[env]

[env.localnet]
chain-id = "31664402"
original-published-id = "0x791a06755ed750e31cfa4a8b3f75d18b718b3b04b63ad1d1aa744a8d56308ea3"
latest-published-id = "0x791a06755ed750e31cfa4a8b3f75d18b718b3b04b63ad1d1aa744a8d56308ea3"
published-version = "1"

[env.testnet]
chain-id = "4c78adac"
original-published-id = "0x95ba20d85741ec82e90fc4131285e95c224cb56a03ff0061d42a38d4e74a9b12"
latest-published-id = "0x95ba20d85741ec82e90fc4131285e95c224cb56a03ff0061d42a38d4e74a9b12"
published-version = "1"

[env.mainnet]
chain-id = "35834a8a"
original-published-id = "0x3f479105ed9287642571314bc4d61067b4a93e56418c0acf9f462a074bd2c16b"
latest-published-id = "0x3f479105ed9287642571314bc4d61067b4a93e56418c0acf9f462a074bd2c16b"
published-version = "1"
