# @generated by Move, please check-in and do not edit manually.

[move]
version = 3
manifest_digest = "B39948AEA80C667B70C0C6A953592CFEA84AF262E3A9DBB04A90C9926049A12B"
deps_digest = "D7FB1F2E1A893B9A0E80A392473710373DE5791D3AC8F6D898803754B2ADAE6B"
dependencies = [
  { id = "CoinDecimalsRegistry", name = "CoinDecimalsRegistry" },
  { id = "Math", name = "Math" },
  { id = "MoveStdlib", name = "MoveStdlib" },
  { id = "Sui", name = "Sui" },
  { id = "X", name = "X" },
  { id = "XOracle", name = "XOracle" },
  { id = "coin_gr", name = "coin_gr" },
  { id = "coin_gusd", name = "coin_gusd" },
  { id = "coin_gy", name = "coin_gy" },
  { id = "usdc", name = "usdc" },
  { id = "xaum", name = "xaum" },
]

[[move.package]]
id = "Bridge"
source = { git = "https://github.com/MystenLabs/sui.git", rev = "b448b1d971bd6c1aac8ef4eee4305943806d5d5b", subdir = "crates/sui-framework/packages/bridge" }

dependencies = [
  { id = "MoveStdlib", name = "MoveStdlib" },
  { id = "Sui", name = "Sui" },
  { id = "SuiSystem", name = "SuiSystem" },
]

[[move.package]]
id = "CoinDecimalsRegistry"
source = { local = "../libs/coin_decimals_registry" }

dependencies = [
  { id = "Sui", name = "Sui" },
]

[[move.package]]
id = "Math"
source = { local = "../libs/math" }

dependencies = [
  { id = "Sui", name = "Sui" },
]

[[move.package]]
id = "MoveStdlib"
source = { git = "https://github.com/MystenLabs/sui.git", rev = "mainnet-v1.60.1", subdir = "crates/sui-framework/packages/move-stdlib" }

[[move.package]]
id = "Sui"
source = { git = "https://github.com/MystenLabs/sui.git", rev = "mainnet-v1.60.1", subdir = "crates/sui-framework/packages/sui-framework" }

dependencies = [
  { id = "MoveStdlib", name = "MoveStdlib" },
]

[[move.package]]
id = "SuiSystem"
source = { git = "https://github.com/MystenLabs/sui.git", rev = "b448b1d971bd6c1aac8ef4eee4305943806d5d5b", subdir = "crates/sui-framework/packages/sui-system" }

dependencies = [
  { id = "MoveStdlib", name = "MoveStdlib" },
  { id = "Sui", name = "Sui" },
]

[[move.package]]
id = "X"
source = { local = "../libs/x" }

dependencies = [
  { id = "Sui", name = "Sui" },
]

[[move.package]]
id = "XOracle"
source = { local = "../sui_x_oracle/x_oracle" }

dependencies = [
  { id = "Sui", name = "Sui" },
]

[[move.package]]
id = "coin_gr"
source = { local = "../coins/coin_gr" }

dependencies = [
  { id = "Sui", name = "Sui" },
]

[[move.package]]
id = "coin_gusd"
source = { local = "../coins/coin_gusd" }

dependencies = [
  { id = "Sui", name = "Sui" },
]

[[move.package]]
id = "coin_gy"
source = { local = "../coins/coin_gy" }

dependencies = [
  { id = "Sui", name = "Sui" },
]

[[move.package]]
id = "mtoken"
source = { local = "../../contracts_other/vendor/xaum/packages/mtoken" }

dependencies = [
  { id = "Bridge", name = "Bridge" },
  { id = "MoveStdlib", name = "MoveStdlib" },
  { id = "Sui", name = "Sui" },
  { id = "SuiSystem", name = "SuiSystem" },
]

[[move.package]]
id = "stablecoin"
source = { local = "../../contracts_other/vendor/usdc/packages/stablecoin" }

dependencies = [
  { id = "Sui", name = "Sui" },
  { id = "sui_extensions", name = "sui_extensions" },
]

[[move.package]]
id = "sui_extensions"
source = { local = "../../contracts_other/vendor/usdc/packages/sui_extensions" }

dependencies = [
  { id = "Sui", name = "Sui" },
]

[[move.package]]
id = "usdc"
source = { local = "../../contracts_other/vendor/usdc/packages/usdc" }

dependencies = [
  { id = "Sui", name = "Sui" },
  { id = "stablecoin", name = "stablecoin" },
  { id = "sui_extensions", name = "sui_extensions" },
]

[[move.package]]
id = "xaum"
source = { local = "../../contracts_other/vendor/xaum/packages/xaum" }

dependencies = [
  { id = "Bridge", name = "Bridge" },
  { id = "MoveStdlib", name = "MoveStdlib" },
  { id = "Sui", name = "Sui" },
  { id = "SuiSystem", name = "SuiSystem" },
  { id = "mtoken", name = "mtoken" },
]

[move.toolchain-version]
compiler-version = "1.60.0"
edition = "2024"
flavor = "sui"

[env]

[env.testnet]
chain-id = "4c78adac"
original-published-id = "0x6fdce31e773bb9ada3d0ca5ac9cd61ae3b05d098cfd6abe2288f3ef2c2a7deb6"
latest-published-id = "0x6fdce31e773bb9ada3d0ca5ac9cd61ae3b05d098cfd6abe2288f3ef2c2a7deb6"
published-version = "1"

[env.local]
chain-id = "34435b50"
original-published-id = "0x83c17747dccb11eda874dbfb21673bf7f5856ec621a74b026f8ddda5a4ef1268"
latest-published-id = "0x83c17747dccb11eda874dbfb21673bf7f5856ec621a74b026f8ddda5a4ef1268"
published-version = "1"

[env.mainnet]
chain-id = "35834a8a"
original-published-id = "0x7ac3d8f55df5472a7f5e57da7e84f61a3f091fc1a912e140d347c0d7bf954d1d"
latest-published-id = "0x7ac3d8f55df5472a7f5e57da7e84f61a3f091fc1a912e140d347c0d7bf954d1d"
published-version = "1"
