# @generated by Move, please check-in and do not edit manually.

[move]
version = 3
manifest_digest = "E1A47E3DCA7EA97077E6A14C49AEA742A6484B34472BC19C83634A35283B5D78"
deps_digest = "060AD7E57DFB13104F21BE5F5C3759D03F0553FC3229247D9A7A6B45F50D03A3"
dependencies = [
  { id = "Sui", name = "Sui" },
  { id = "XOracle", name = "XOracle" },
  { id = "coin_gr", name = "coin_gr" },
]

[[move.package]]
id = "MoveStdlib"
source = { git = "https://github.com/MystenLabs/sui.git", rev = "mainnet", subdir = "crates/sui-framework/packages/move-stdlib" }

[[move.package]]
id = "Sui"
source = { git = "https://github.com/MystenLabs/sui.git", rev = "mainnet", subdir = "crates/sui-framework/packages/sui-framework" }

dependencies = [
  { id = "MoveStdlib", name = "MoveStdlib" },
]

[[move.package]]
id = "XOracle"
source = { local = "../x_oracle" }

dependencies = [
  { id = "Sui", name = "Sui" },
]

[[move.package]]
id = "coin_gr"
source = { local = "../../coins/coin_gr" }

dependencies = [
  { id = "Sui", name = "Sui" },
]

[move.toolchain-version]
compiler-version = "1.60.0"
edition = "2024"
flavor = "sui"

[env]

[env.mainnet]
chain-id = "35834a8a"
original-published-id = "0xe013d93b5e1f9b23ae42a89a32eb728e2bc4e447a01bc05557a4ea3557ea35ef"
latest-published-id = "0xe013d93b5e1f9b23ae42a89a32eb728e2bc4e447a01bc05557a4ea3557ea35ef"
published-version = "1"
