# @generated by Move, please check-in and do not edit manually.

[move]
version = 3
manifest_digest = "7E29559FB9C83DA4FA82A0A7C832D99BE2B5D4CC69BDB532AD9D80E9555548CF"
deps_digest = "F8BBB0CCB2491CA29A3DF03D6F92277A4F3574266507ACD77214D37ECA3F3082"
dependencies = [
  { id = "Sui", name = "Sui" },
]

[[move.package]]
id = "MoveStdlib"
source = { git = "https://github.com/MystenLabs/sui.git", rev = "mainnet", subdir = "crates/sui-framework/packages/move-stdlib" }

[[move.package]]
id = "Sui"
source = { git = "https://github.com/MystenLabs/sui.git", rev = "mainnet", subdir = "crates/sui-framework/packages/sui-framework" }

dependencies = [
  { id = "MoveStdlib", name = "MoveStdlib" },
]

[move.toolchain-version]
compiler-version = "1.60.0"
edition = "2024"
flavor = "sui"

[env]

[env.testnet]
chain-id = "4c78adac"
original-published-id = "0x3a5e578c4adfd626d7c1abdf617d582fca3f8156848e6cc521cce2f97b9141be"
latest-published-id = "0x3a5e578c4adfd626d7c1abdf617d582fca3f8156848e6cc521cce2f97b9141be"
published-version = "1"

[env.localnet]
chain-id = "5eced198"
original-published-id = "0x65499d196e748cdb87e57c58223ec4db07e689cf522bdce76ba97240cb5d6ed7"
latest-published-id = "0x65499d196e748cdb87e57c58223ec4db07e689cf522bdce76ba97240cb5d6ed7"
published-version = "1"

[env.mainnet]
chain-id = "35834a8a"
original-published-id = "0x568976c5d1d15026da6591e7c763d9c48ab9cd82dc27ff6491c0f5835cf82277"
latest-published-id = "0x568976c5d1d15026da6591e7c763d9c48ab9cd82dc27ff6491c0f5835cf82277"
published-version = "1"
