# @generated by Move, please check-in and do not edit manually.

[move]
version = 3
manifest_digest = "B3114F5C718E4587DE554186E2DA63A99D4B7533D97DAF5754B5D184183ADFB6"
deps_digest = "3C4103934B1E040BB6B23F1D610B4EF9F2F1166A50A104EADCF77467C004C600"
dependencies = [
  { id = "Creek", name = "Creek" },
  { id = "Sui", name = "Sui" },
]

[[move.package]]
id = "Bridge"
source = { git = "https://github.com/MystenLabs/sui.git", rev = "b448b1d971bd6c1aac8ef4eee4305943806d5d5b", subdir = "crates/sui-framework/packages/bridge" }

dependencies = [
  { id = "MoveStdlib", name = "MoveStdlib" },
  { id = "Sui", name = "Sui" },
  { id = "SuiSystem", name = "SuiSystem" },
]

[[move.package]]
id = "CoinDecimalsRegistry"
source = { local = "../../contracts/libs/coin_decimals_registry" }

dependencies = [
  { id = "Sui", name = "Sui" },
]

[[move.package]]
id = "Creek"
source = { local = "../../contracts/protocol" }

dependencies = [
  { id = "CoinDecimalsRegistry", name = "CoinDecimalsRegistry" },
  { id = "Math", name = "Math" },
  { id = "MoveStdlib", name = "MoveStdlib" },
  { id = "Sui", name = "Sui" },
  { id = "X", name = "X" },
  { id = "XOracle", name = "XOracle" },
  { id = "coin_gr", name = "coin_gr" },
  { id = "coin_gusd", name = "coin_gusd" },
  { id = "coin_gy", name = "coin_gy" },
  { id = "usdc", name = "usdc" },
  { id = "xaum", name = "xaum" },
]

[[move.package]]
id = "Math"
source = { local = "../../contracts/libs/math" }

dependencies = [
  { id = "Sui", name = "Sui" },
]

[[move.package]]
id = "MoveStdlib"
source = { git = "https://github.com/MystenLabs/sui.git", rev = "mainnet", subdir = "crates/sui-framework/packages/move-stdlib" }

[[move.package]]
id = "Sui"
source = { git = "https://github.com/MystenLabs/sui.git", rev = "mainnet", subdir = "crates/sui-framework/packages/sui-framework" }

dependencies = [
  { id = "MoveStdlib", name = "MoveStdlib" },
]

[[move.package]]
id = "SuiSystem"
source = { git = "https://github.com/MystenLabs/sui.git", rev = "b448b1d971bd6c1aac8ef4eee4305943806d5d5b", subdir = "crates/sui-framework/packages/sui-system" }

dependencies = [
  { id = "MoveStdlib", name = "MoveStdlib" },
  { id = "Sui", name = "Sui" },
]

[[move.package]]
id = "X"
source = { local = "../../contracts/libs/x" }

dependencies = [
  { id = "Sui", name = "Sui" },
]

[[move.package]]
id = "XOracle"
source = { local = "../../contracts/sui_x_oracle/x_oracle" }

dependencies = [
  { id = "Sui", name = "Sui" },
]

[[move.package]]
id = "coin_gr"
source = { local = "../../contracts/coins/coin_gr" }

dependencies = [
  { id = "Sui", name = "Sui" },
]

[[move.package]]
id = "coin_gusd"
source = { local = "../../contracts/coins/coin_gusd" }

dependencies = [
  { id = "Sui", name = "Sui" },
]

[[move.package]]
id = "coin_gy"
source = { local = "../../contracts/coins/coin_gy" }

dependencies = [
  { id = "Sui", name = "Sui" },
]

[[move.package]]
id = "mtoken"
source = { git = "https://github.com/Matrixdock-RWA/RWA-Contracts.git", rev = "sui_verify", subdir = "xaum-sui/packages/mtoken" }

dependencies = [
  { id = "Bridge", name = "Bridge" },
  { id = "MoveStdlib", name = "MoveStdlib" },
  { id = "Sui", name = "Sui" },
  { id = "SuiSystem", name = "SuiSystem" },
]

[[move.package]]
id = "stablecoin"
source = { git = "https://github.com/circlefin/stablecoin-sui.git", rev = "master", subdir = "packages/stablecoin" }

dependencies = [
  { id = "Sui", name = "Sui" },
  { id = "sui_extensions", name = "sui_extensions" },
]

[[move.package]]
id = "sui_extensions"
source = { git = "https://github.com/circlefin/stablecoin-sui.git", rev = "master", subdir = "packages/sui_extensions" }

dependencies = [
  { id = "Sui", name = "Sui" },
]

[[move.package]]
id = "usdc"
source = { git = "https://github.com/circlefin/stablecoin-sui.git", rev = "master", subdir = "packages/usdc" }

dependencies = [
  { id = "Sui", name = "Sui" },
  { id = "stablecoin", name = "stablecoin" },
  { id = "sui_extensions", name = "sui_extensions" },
]

[[move.package]]
id = "xaum"
source = { git = "https://github.com/Matrixdock-RWA/RWA-Contracts.git", rev = "sui_verify", subdir = "xaum-sui/packages/xaum" }

dependencies = [
  { id = "Bridge", name = "Bridge" },
  { id = "MoveStdlib", name = "MoveStdlib" },
  { id = "Sui", name = "Sui" },
  { id = "SuiSystem", name = "SuiSystem" },
  { id = "mtoken", name = "mtoken" },
]

[move.toolchain-version]
compiler-version = "1.60.0"
edition = "2024"
flavor = "sui"

[env]

[env.mainnet]
chain-id = "35834a8a"
original-published-id = "0xa86e67150a4922e5f9d74f727494a2904f151fba612c7e3df51e802557f9da80"
latest-published-id = "0xa86e67150a4922e5f9d74f727494a2904f151fba612c7e3df51e802557f9da80"
published-version = "1"
