# @generated by Move, please check-in and do not edit manually.

[move]
version = 3
manifest_digest = "876F474F61764F9C99BF04F19B9D83334231917D478F796BAA017F8BAA8CEEA4"
deps_digest = "F8BBB0CCB2491CA29A3DF03D6F92277A4F3574266507ACD77214D37ECA3F3082"
dependencies = [
  { id = "Sui", name = "Sui" },
]

[[move.package]]
id = "MoveStdlib"
source = { git = "https://github.com/MystenLabs/sui.git", rev = "mainnet", subdir = "crates/sui-framework/packages/move-stdlib" }

[[move.package]]
id = "Sui"
source = { git = "https://github.com/MystenLabs/sui.git", rev = "mainnet", subdir = "crates/sui-framework/packages/sui-framework" }

dependencies = [
  { id = "MoveStdlib", name = "MoveStdlib" },
]

[move.toolchain-version]
compiler-version = "1.60.0"
edition = "2024"
flavor = "sui"

[env]

[env.testnet]
chain-id = "4c78adac"
original-published-id = "0x08c62be62d4e7a7805015d098fd6ede3722e54225ad606431bd0b5293c7efa93"
latest-published-id = "0x08c62be62d4e7a7805015d098fd6ede3722e54225ad606431bd0b5293c7efa93"
published-version = "1"

[env.localnet]
chain-id = "5eced198"
original-published-id = "0x397b49c436787dccc6f79d55a8f9f02842c6cbb5b8f3bbcaee02c8819daeb6fa"
latest-published-id = "0x397b49c436787dccc6f79d55a8f9f02842c6cbb5b8f3bbcaee02c8819daeb6fa"
published-version = "1"

[env.mainnet]
chain-id = "35834a8a"
original-published-id = "0x413d4cf3221e98f4096aabcab4edc84b9e66f60f2239e5cdbf6e49ee2916c7e0"
latest-published-id = "0x413d4cf3221e98f4096aabcab4edc84b9e66f60f2239e5cdbf6e49ee2916c7e0"
published-version = "1"
