# @generated by Move, please check-in and do not edit manually.

[move]
version = 3
manifest_digest = "415F44F738D823E18237D936E25B783F70F700B5D2E77561DC929B7A258D4DC0"
deps_digest = "F8BBB0CCB2491CA29A3DF03D6F92277A4F3574266507ACD77214D37ECA3F3082"
dependencies = [
  { id = "Sui", name = "Sui" },
]

[[move.package]]
id = "MoveStdlib"
source = { git = "https://github.com/MystenLabs/sui.git", rev = "testnet", subdir = "crates/sui-framework/packages/move-stdlib" }

[[move.package]]
id = "Sui"
source = { git = "https://github.com/MystenLabs/sui.git", rev = "testnet", subdir = "crates/sui-framework/packages/sui-framework" }

dependencies = [
  { id = "MoveStdlib", name = "MoveStdlib" },
]

[move.toolchain-version]
compiler-version = "1.60.0"
edition = "2024.beta"
flavor = "sui"


[env]

[env.mainnet]
chain-id = "35834a8a"
original-published-id = "0xec0d2da82ff3c998acd430306e169169ece49e4afa0e6da42fbccc366f945a74"
latest-published-id = "0xec0d2da82ff3c998acd430306e169169ece49e4afa0e6da42fbccc366f945a74"
published-version = "1"
