# @generated by Move, please check-in and do not edit manually.

[move]
version = 3
manifest_digest = "5A643C6BE3FFF1E3707C19CAF54F144C5787E972573D433B48F57E8E1EC065E3"
deps_digest = "F8BBB0CCB2491CA29A3DF03D6F92277A4F3574266507ACD77214D37ECA3F3082"
dependencies = [
  { id = "Sui", name = "Sui" },
]

[[move.package]]
id = "MoveStdlib"
source = { git = "https://github.com/MystenLabs/sui.git", rev = "mainnet", subdir = "crates/sui-framework/packages/move-stdlib" }

[[move.package]]
id = "Sui"
source = { git = "https://github.com/MystenLabs/sui.git", rev = "mainnet", subdir = "crates/sui-framework/packages/sui-framework" }

dependencies = [
  { id = "MoveStdlib", name = "MoveStdlib" },
]

[move.toolchain-version]
compiler-version = "1.60.0"
edition = "2024"
flavor = "sui"

[env]

[env.localnet]
chain-id = "446fc1cd"
original-published-id = "0x090c78a0e013fe7e009b08d747db096d2871a4318b197303cc7ae767c4a52d6a"
latest-published-id = "0x090c78a0e013fe7e009b08d747db096d2871a4318b197303cc7ae767c4a52d6a"
published-version = "1"

[env.testnet]
chain-id = "4c78adac"
original-published-id = "0x31e5975e3511d80af171f92c42643a23a40a625981eb2e400ebbd87d05c8199c"
latest-published-id = "0x31e5975e3511d80af171f92c42643a23a40a625981eb2e400ebbd87d05c8199c"
published-version = "1"

[env.mainnet]
chain-id = "35834a8a"
original-published-id = "0x4e0fd33013d90511b47217d9d1317e649ac72f4f48fe32be59841142450bf3ab"
latest-published-id = "0x4e0fd33013d90511b47217d9d1317e649ac72f4f48fe32be59841142450bf3ab"
published-version = "1"
