# @generated by Move, please check-in and do not edit manually.

[move]
version = 3
manifest_digest = "0603FD195FB7281590C6015B3EB41244E8CCF58010DBC2365163AA8F28A0DAC7"
deps_digest = "F8BBB0CCB2491CA29A3DF03D6F92277A4F3574266507ACD77214D37ECA3F3082"
dependencies = [
  { id = "Sui", name = "Sui" },
]

[[move.package]]
id = "MoveStdlib"
source = { git = "https://github.com/MystenLabs/sui.git", rev = "mainnet", subdir = "crates/sui-framework/packages/move-stdlib" }

[[move.package]]
id = "Sui"
source = { git = "https://github.com/MystenLabs/sui.git", rev = "mainnet", subdir = "crates/sui-framework/packages/sui-framework" }

dependencies = [
  { id = "MoveStdlib", name = "MoveStdlib" },
]

[move.toolchain-version]
compiler-version = "1.60.0"
edition = "2024"
flavor = "sui"

[env]

[env.localnet]
chain-id = "446fc1cd"
original-published-id = "0x9341f69611852352931a4d7b28a88ac5ebb5b23b87c8859b08e7c8de62a6c361"
latest-published-id = "0x9341f69611852352931a4d7b28a88ac5ebb5b23b87c8859b08e7c8de62a6c361"
published-version = "1"

[env.testnet]
chain-id = "4c78adac"
original-published-id = "0xaa1569938214ff47ba59986c2e67d174ad60a686cf477c85f4e3edc286377283"
latest-published-id = "0xaa1569938214ff47ba59986c2e67d174ad60a686cf477c85f4e3edc286377283"
published-version = "1"

[env.mainnet]
chain-id = "35834a8a"
original-published-id = "0xa2e7ba6c4b835d2c14726e7fb4c0224d6e7f3d488bf8842892f28486ba4906c8"
latest-published-id = "0xa2e7ba6c4b835d2c14726e7fb4c0224d6e7f3d488bf8842892f28486ba4906c8"
published-version = "1"
